{"format_version":"1.2","terraform_version":"1.6.0","variables":{"adlists":{"value":{"adguard_dns":{"comment":"AdGuard DNS filter","enabled":true,"url":"https://v.firebog.net/hosts/AdguardDNS.txt"},"ads_tracking_extended":{"comment":"DeveloperDan ads and tracking extended","enabled":true,"url":"https://www.github.developerdan.com/hosts/lists/ads-and-tracking-extended.txt"},"big_oisd":{"comment":"OISD big list - comprehensive blocking","enabled":true,"url":"https://big.oisd.nl"},"easy_privacy":{"comment":"EasyPrivacy - tracking protection","enabled":true,"url":"https://v.firebog.net/hosts/Easyprivacy.txt"},"kad_hosts":{"comment":"KAD hosts - ads and tracking","enabled":true,"url":"https://raw.githubusercontent.com/PolishFiltersTeam/KADhosts/master/KADhosts.txt"},"prigent_ads":{"comment":"Prigent advertising domains","enabled":true,"url":"https://v.firebog.net/hosts/Prigent-Ads.txt"},"spam_hosts":{"comment":"FadeMind spam hosts","enabled":true,"url":"https://raw.githubusercontent.com/FadeMind/hosts.extras/master/add.Spam/hosts"},"steven_black":{"comment":"Steven Black unified hosts (ads + malware)","enabled":true,"url":"https://raw.githubusercontent.com/StevenBlack/hosts/master/hosts"},"w3kbl":{"comment":"W3KBL - malware domains","enabled":true,"url":"https://v.firebog.net/hosts/static/w3kbl.txt"}}},"blacklisted_domains":{"value":{}},"dns_records":{"value":{"argocd.local.ildoc.it":{"comment":"ArgoCD GitOps","ip":"192.168.0.80"},"argocd2.local.ildoc.it":{"comment":"ArgoCD cluster 2","ip":"192.168.0.100"},"audiobookshelf.local.ildoc.it":{"comment":"Audiobook server","ip":"192.168.0.80"},"bazarr.local.ildoc.it":{"comment":"Bazarr subtitles","ip":"192.168.0.80"},"bookbounty.local.ildoc.it":{"comment":"Book bounty","ip":"192.168.0.80"},"change.local.ildoc.it":{"comment":"Change detection","ip":"192.168.0.80"},"db":{"comment":"Database server","ip":"192.168.0.30"},"flaresolverr.local.ildoc.it":{"comment":"FlareSolverr CloudFlare","ip":"192.168.0.80"},"gitlab.local.ildoc.it":{"comment":"GitLab CE","ip":"192.168.0.25"},"homeassistant":{"comment":"Home automation","ip":"192.168.0.133"},"homepage.local.ildoc.it":{"comment":"Homepage dashboard","ip":"192.168.0.80"},"invidious":{"comment":"YouTube frontend","ip":"192.168.0.111"},"invidious.local.ildoc.it":{"comment":"Invidious YouTube","ip":"192.168.0.80"},"jackett.local.ildoc.it":{"comment":"Jackett proxy","ip":"192.168.0.80"},"kestra.local.ildoc.it":{"comment":"Kestra workflow","ip":"192.168.0.80"},"kitchenowl.local.ildoc.it":{"comment":"Kitchen management","ip":"192.168.0.80"},"longhorn.local.ildoc.it":{"comment":"Longhorn storage","ip":"192.168.0.80"},"mealie.local.ildoc.it":{"comment":"Mealie recipes","ip":"192.168.0.80"},"nut.local.ildoc.it":{"comment":"NUT UPS monitor","ip":"192.168.0.80"},"paperless.local.ildoc.it":{"comment":"Paperless documents","ip":"192.168.0.80"},"pdf.local.ildoc.it":{"comment":"PDF tools","ip":"192.168.0.80"},"pihole":{"comment":"Pi-hole primario","ip":"192.168.0.145"},"pihole2":{"comment":"Pi-hole secondario","ip":"192.168.0.167"},"prowlarr.local.ildoc.it":{"comment":"Prowlarr indexer","ip":"192.168.0.80"},"pve01":{"comment":"Proxmox node 1","ip":"192.168.0.10"},"pve02":{"comment":"Proxmox node 2","ip":"192.168.0.11"},"pve03":{"comment":"Proxmox node 3","ip":"192.168.0.12"},"radarr.local.ildoc.it":{"comment":"Radarr movies","ip":"192.168.0.80"},"rancher.local.ildoc.it":{"comment":"Rancher management","ip":"192.168.0.80"},"rancher2.local.ildoc.it":{"comment":"Rancher cluster 2","ip":"192.168.0.100"},"readarr.local.ildoc.it":{"comment":"Readarr ebooks","ip":"192.168.0.80"},"redis":{"comment":"Redis cache","ip":"192.168.0.40"},"registry.gitlab.local.ildoc.it":{"comment":"GitLab Container Registry","ip":"192.168.0.25"},"romm.local.ildoc.it":{"comment":"ROM manager","ip":"192.168.0.80"},"sonarr.local.ildoc.it":{"comment":"Sonarr TV shows","ip":"192.168.0.80"},"speedtest.local.ildoc.it":{"comment":"Speed test","ip":"192.168.0.80"},"tools.local.ildoc.it":{"comment":"Various tools","ip":"192.168.0.80"},"traefik.local.ildoc.it":{"comment":"Traefik ingress","ip":"192.168.0.80"},"traefik2.local.ildoc.it":{"comment":"Traefik cluster 2","ip":"192.168.0.100"},"truenas":{"comment":"NAS storage","ip":"192.168.0.123"},"truenas.local.ildoc.it":{"comment":"TrueNAS dashboard","ip":"192.168.0.80"},"ubuntu":{"comment":"Server Ubuntu","ip":"192.168.0.183"},"uptime.local.ildoc.it":{"comment":"Uptime monitoring","ip":"192.168.0.80"},"vault":{"comment":"HashiCorp Vault","ip":"192.168.0.50"},"web":{"comment":"Web server","ip":"192.168.0.124"},"wg.local.ildoc.it":{"comment":"WireGuard UI","ip":"192.168.0.80"},"zipline.local.ildoc.it":{"comment":"File sharing","ip":"192.168.0.80"}}},"pihole_url":{"value":"http://192.168.0.145"},"vault_addr":{"value":"http://vault:8200"},"vault_approle_role_id":{"value":"ea242705-1c96-29c0-6fb0-c3c48fd55bae"},"vault_approle_secret_id":{"value":"4e52a270-da3a-bec6-b8e5-91c03bb63eb5"},"vault_retry":{"value":"2"},"whitelisted_domains":{"value":{"discord":{"comment":"Discord - necessario per email e notifiche","domain":"click.discord.com"},"eventbrite":{"comment":"Eventbrite - necessario per email notifications","domain":"clicks.eventbrite.com"},"external_secrets":{"comment":"External Secrets Operator - Kubernetes","domain":"oci.external-secrets.io"}}}},"planned_values":{"root_module":{"resources":[{"address":"pihole_dns_record.all[\"argocd.local.ildoc.it\"]","mode":"managed","type":"pihole_dns_record","name":"all","index":"argocd.local.ildoc.it","provider_name":"registry.opentofu.org/ryanwholey/pihole","schema_version":0,"values":{"domain":"argocd.local.ildoc.it","ip":"192.168.0.80"},"sensitive_values":{}},{"address":"pihole_dns_record.all[\"argocd2.local.ildoc.it\"]","mode":"managed","type":"pihole_dns_record","name":"all","index":"argocd2.local.ildoc.it","provider_name":"registry.opentofu.org/ryanwholey/pihole","schema_version":0,"values":{"domain":"argocd2.local.ildoc.it","ip":"192.168.0.100"},"sensitive_values":{}},{"address":"pihole_dns_record.all[\"audiobookshelf.local.ildoc.it\"]","mode":"managed","type":"pihole_dns_record","name":"all","index":"audiobookshelf.local.ildoc.it","provider_name":"registry.opentofu.org/ryanwholey/pihole","schema_version":0,"values":{"domain":"audiobookshelf.local.ildoc.it","ip":"192.168.0.80"},"sensitive_values":{}},{"address":"pihole_dns_record.all[\"bazarr.local.ildoc.it\"]","mode":"managed","type":"pihole_dns_record","name":"all","index":"bazarr.local.ildoc.it","provider_name":"registry.opentofu.org/ryanwholey/pihole","schema_version":0,"values":{"domain":"bazarr.local.ildoc.it","ip":"192.168.0.80"},"sensitive_values":{}},{"address":"pihole_dns_record.all[\"bookbounty.local.ildoc.it\"]","mode":"managed","type":"pihole_dns_record","name":"all","index":"bookbounty.local.ildoc.it","provider_name":"registry.opentofu.org/ryanwholey/pihole","schema_version":0,"values":{"domain":"bookbounty.local.ildoc.it","ip":"192.168.0.80"},"sensitive_values":{}},{"address":"pihole_dns_record.all[\"change.local.ildoc.it\"]","mode":"managed","type":"pihole_dns_record","name":"all","index":"change.local.ildoc.it","provider_name":"registry.opentofu.org/ryanwholey/pihole","schema_version":0,"values":{"domain":"change.local.ildoc.it","ip":"192.168.0.80"},"sensitive_values":{}},{"address":"pihole_dns_record.all[\"db\"]","mode":"managed","type":"pihole_dns_record","name":"all","index":"db","provider_name":"registry.opentofu.org/ryanwholey/pihole","schema_version":0,"values":{"domain":"db","ip":"192.168.0.30"},"sensitive_values":{}},{"address":"pihole_dns_record.all[\"flaresolverr.local.ildoc.it\"]","mode":"managed","type":"pihole_dns_record","name":"all","index":"flaresolverr.local.ildoc.it","provider_name":"registry.opentofu.org/ryanwholey/pihole","schema_version":0,"values":{"domain":"flaresolverr.local.ildoc.it","ip":"192.168.0.80"},"sensitive_values":{}},{"address":"pihole_dns_record.all[\"gitlab.local.ildoc.it\"]","mode":"managed","type":"pihole_dns_record","name":"all","index":"gitlab.local.ildoc.it","provider_name":"registry.opentofu.org/ryanwholey/pihole","schema_version":0,"values":{"domain":"gitlab.local.ildoc.it","ip":"192.168.0.25"},"sensitive_values":{}},{"address":"pihole_dns_record.all[\"homeassistant\"]","mode":"managed","type":"pihole_dns_record","name":"all","index":"homeassistant","provider_name":"registry.opentofu.org/ryanwholey/pihole","schema_version":0,"values":{"domain":"homeassistant","ip":"192.168.0.133"},"sensitive_values":{}},{"address":"pihole_dns_record.all[\"homepage.local.ildoc.it\"]","mode":"managed","type":"pihole_dns_record","name":"all","index":"homepage.local.ildoc.it","provider_name":"registry.opentofu.org/ryanwholey/pihole","schema_version":0,"values":{"domain":"homepage.local.ildoc.it","ip":"192.168.0.80"},"sensitive_values":{}},{"address":"pihole_dns_record.all[\"invidious\"]","mode":"managed","type":"pihole_dns_record","name":"all","index":"invidious","provider_name":"registry.opentofu.org/ryanwholey/pihole","schema_version":0,"values":{"domain":"invidious","ip":"192.168.0.111"},"sensitive_values":{}},{"address":"pihole_dns_record.all[\"invidious.local.ildoc.it\"]","mode":"managed","type":"pihole_dns_record","name":"all","index":"invidious.local.ildoc.it","provider_name":"registry.opentofu.org/ryanwholey/pihole","schema_version":0,"values":{"domain":"invidious.local.ildoc.it","ip":"192.168.0.80"},"sensitive_values":{}},{"address":"pihole_dns_record.all[\"jackett.local.ildoc.it\"]","mode":"managed","type":"pihole_dns_record","name":"all","index":"jackett.local.ildoc.it","provider_name":"registry.opentofu.org/ryanwholey/pihole","schema_version":0,"values":{"domain":"jackett.local.ildoc.it","ip":"192.168.0.80"},"sensitive_values":{}},{"address":"pihole_dns_record.all[\"kestra.local.ildoc.it\"]","mode":"managed","type":"pihole_dns_record","name":"all","index":"kestra.local.ildoc.it","provider_name":"registry.opentofu.org/ryanwholey/pihole","schema_version":0,"values":{"domain":"kestra.local.ildoc.it","ip":"192.168.0.80"},"sensitive_values":{}},{"address":"pihole_dns_record.all[\"kitchenowl.local.ildoc.it\"]","mode":"managed","type":"pihole_dns_record","name":"all","index":"kitchenowl.local.ildoc.it","provider_name":"registry.opentofu.org/ryanwholey/pihole","schema_version":0,"values":{"domain":"kitchenowl.local.ildoc.it","ip":"192.168.0.80"},"sensitive_values":{}},{"address":"pihole_dns_record.all[\"longhorn.local.ildoc.it\"]","mode":"managed","type":"pihole_dns_record","name":"all","index":"longhorn.local.ildoc.it","provider_name":"registry.opentofu.org/ryanwholey/pihole","schema_version":0,"values":{"domain":"longhorn.local.ildoc.it","ip":"192.168.0.80"},"sensitive_values":{}},{"address":"pihole_dns_record.all[\"mealie.local.ildoc.it\"]","mode":"managed","type":"pihole_dns_record","name":"all","index":"mealie.local.ildoc.it","provider_name":"registry.opentofu.org/ryanwholey/pihole","schema_version":0,"values":{"domain":"mealie.local.ildoc.it","ip":"192.168.0.80"},"sensitive_values":{}},{"address":"pihole_dns_record.all[\"nut.local.ildoc.it\"]","mode":"managed","type":"pihole_dns_record","name":"all","index":"nut.local.ildoc.it","provider_name":"registry.opentofu.org/ryanwholey/pihole","schema_version":0,"values":{"domain":"nut.local.ildoc.it","ip":"192.168.0.80"},"sensitive_values":{}},{"address":"pihole_dns_record.all[\"paperless.local.ildoc.it\"]","mode":"managed","type":"pihole_dns_record","name":"all","index":"paperless.local.ildoc.it","provider_name":"registry.opentofu.org/ryanwholey/pihole","schema_version":0,"values":{"domain":"paperless.local.ildoc.it","ip":"192.168.0.80"},"sensitive_values":{}},{"address":"pihole_dns_record.all[\"pdf.local.ildoc.it\"]","mode":"managed","type":"pihole_dns_record","name":"all","index":"pdf.local.ildoc.it","provider_name":"registry.opentofu.org/ryanwholey/pihole","schema_version":0,"values":{"domain":"pdf.local.ildoc.it","ip":"192.168.0.80"},"sensitive_values":{}},{"address":"pihole_dns_record.all[\"pihole\"]","mode":"managed","type":"pihole_dns_record","name":"all","index":"pihole","provider_name":"registry.opentofu.org/ryanwholey/pihole","schema_version":0,"values":{"domain":"pihole","ip":"192.168.0.145"},"sensitive_values":{}},{"address":"pihole_dns_record.all[\"pihole2\"]","mode":"managed","type":"pihole_dns_record","name":"all","index":"pihole2","provider_name":"registry.opentofu.org/ryanwholey/pihole","schema_version":0,"values":{"domain":"pihole2","ip":"192.168.0.167"},"sensitive_values":{}},{"address":"pihole_dns_record.all[\"prowlarr.local.ildoc.it\"]","mode":"managed","type":"pihole_dns_record","name":"all","index":"prowlarr.local.ildoc.it","provider_name":"registry.opentofu.org/ryanwholey/pihole","schema_version":0,"values":{"domain":"prowlarr.local.ildoc.it","ip":"192.168.0.80"},"sensitive_values":{}},{"address":"pihole_dns_record.all[\"pve01\"]","mode":"managed","type":"pihole_dns_record","name":"all","index":"pve01","provider_name":"registry.opentofu.org/ryanwholey/pihole","schema_version":0,"values":{"domain":"pve01","ip":"192.168.0.10"},"sensitive_values":{}},{"address":"pihole_dns_record.all[\"pve02\"]","mode":"managed","type":"pihole_dns_record","name":"all","index":"pve02","provider_name":"registry.opentofu.org/ryanwholey/pihole","schema_version":0,"values":{"domain":"pve02","ip":"192.168.0.11"},"sensitive_values":{}},{"address":"pihole_dns_record.all[\"pve03\"]","mode":"managed","type":"pihole_dns_record","name":"all","index":"pve03","provider_name":"registry.opentofu.org/ryanwholey/pihole","schema_version":0,"values":{"domain":"pve03","ip":"192.168.0.12"},"sensitive_values":{}},{"address":"pihole_dns_record.all[\"radarr.local.ildoc.it\"]","mode":"managed","type":"pihole_dns_record","name":"all","index":"radarr.local.ildoc.it","provider_name":"registry.opentofu.org/ryanwholey/pihole","schema_version":0,"values":{"domain":"radarr.local.ildoc.it","ip":"192.168.0.80"},"sensitive_values":{}},{"address":"pihole_dns_record.all[\"rancher.local.ildoc.it\"]","mode":"managed","type":"pihole_dns_record","name":"all","index":"rancher.local.ildoc.it","provider_name":"registry.opentofu.org/ryanwholey/pihole","schema_version":0,"values":{"domain":"rancher.local.ildoc.it","ip":"192.168.0.80"},"sensitive_values":{}},{"address":"pihole_dns_record.all[\"rancher2.local.ildoc.it\"]","mode":"managed","type":"pihole_dns_record","name":"all","index":"rancher2.local.ildoc.it","provider_name":"registry.opentofu.org/ryanwholey/pihole","schema_version":0,"values":{"domain":"rancher2.local.ildoc.it","ip":"192.168.0.100"},"sensitive_values":{}},{"address":"pihole_dns_record.all[\"readarr.local.ildoc.it\"]","mode":"managed","type":"pihole_dns_record","name":"all","index":"readarr.local.ildoc.it","provider_name":"registry.opentofu.org/ryanwholey/pihole","schema_version":0,"values":{"domain":"readarr.local.ildoc.it","ip":"192.168.0.80"},"sensitive_values":{}},{"address":"pihole_dns_record.all[\"redis\"]","mode":"managed","type":"pihole_dns_record","name":"all","index":"redis","provider_name":"registry.opentofu.org/ryanwholey/pihole","schema_version":0,"values":{"domain":"redis","ip":"192.168.0.40"},"sensitive_values":{}},{"address":"pihole_dns_record.all[\"registry.gitlab.local.ildoc.it\"]","mode":"managed","type":"pihole_dns_record","name":"all","index":"registry.gitlab.local.ildoc.it","provider_name":"registry.opentofu.org/ryanwholey/pihole","schema_version":0,"values":{"domain":"registry.gitlab.local.ildoc.it","ip":"192.168.0.25"},"sensitive_values":{}},{"address":"pihole_dns_record.all[\"romm.local.ildoc.it\"]","mode":"managed","type":"pihole_dns_record","name":"all","index":"romm.local.ildoc.it","provider_name":"registry.opentofu.org/ryanwholey/pihole","schema_version":0,"values":{"domain":"romm.local.ildoc.it","ip":"192.168.0.80"},"sensitive_values":{}},{"address":"pihole_dns_record.all[\"sonarr.local.ildoc.it\"]","mode":"managed","type":"pihole_dns_record","name":"all","index":"sonarr.local.ildoc.it","provider_name":"registry.opentofu.org/ryanwholey/pihole","schema_version":0,"values":{"domain":"sonarr.local.ildoc.it","ip":"192.168.0.80"},"sensitive_values":{}},{"address":"pihole_dns_record.all[\"speedtest.local.ildoc.it\"]","mode":"managed","type":"pihole_dns_record","name":"all","index":"speedtest.local.ildoc.it","provider_name":"registry.opentofu.org/ryanwholey/pihole","schema_version":0,"values":{"domain":"speedtest.local.ildoc.it","ip":"192.168.0.80"},"sensitive_values":{}},{"address":"pihole_dns_record.all[\"tools.local.ildoc.it\"]","mode":"managed","type":"pihole_dns_record","name":"all","index":"tools.local.ildoc.it","provider_name":"registry.opentofu.org/ryanwholey/pihole","schema_version":0,"values":{"domain":"tools.local.ildoc.it","ip":"192.168.0.80"},"sensitive_values":{}},{"address":"pihole_dns_record.all[\"traefik.local.ildoc.it\"]","mode":"managed","type":"pihole_dns_record","name":"all","index":"traefik.local.ildoc.it","provider_name":"registry.opentofu.org/ryanwholey/pihole","schema_version":0,"values":{"domain":"traefik.local.ildoc.it","ip":"192.168.0.80"},"sensitive_values":{}},{"address":"pihole_dns_record.all[\"traefik2.local.ildoc.it\"]","mode":"managed","type":"pihole_dns_record","name":"all","index":"traefik2.local.ildoc.it","provider_name":"registry.opentofu.org/ryanwholey/pihole","schema_version":0,"values":{"domain":"traefik2.local.ildoc.it","ip":"192.168.0.100"},"sensitive_values":{}},{"address":"pihole_dns_record.all[\"truenas\"]","mode":"managed","type":"pihole_dns_record","name":"all","index":"truenas","provider_name":"registry.opentofu.org/ryanwholey/pihole","schema_version":0,"values":{"domain":"truenas","ip":"192.168.0.123"},"sensitive_values":{}},{"address":"pihole_dns_record.all[\"truenas.local.ildoc.it\"]","mode":"managed","type":"pihole_dns_record","name":"all","index":"truenas.local.ildoc.it","provider_name":"registry.opentofu.org/ryanwholey/pihole","schema_version":0,"values":{"domain":"truenas.local.ildoc.it","ip":"192.168.0.80"},"sensitive_values":{}},{"address":"pihole_dns_record.all[\"ubuntu\"]","mode":"managed","type":"pihole_dns_record","name":"all","index":"ubuntu","provider_name":"registry.opentofu.org/ryanwholey/pihole","schema_version":0,"values":{"domain":"ubuntu","ip":"192.168.0.183"},"sensitive_values":{}},{"address":"pihole_dns_record.all[\"uptime.local.ildoc.it\"]","mode":"managed","type":"pihole_dns_record","name":"all","index":"uptime.local.ildoc.it","provider_name":"registry.opentofu.org/ryanwholey/pihole","schema_version":0,"values":{"domain":"uptime.local.ildoc.it","ip":"192.168.0.80"},"sensitive_values":{}},{"address":"pihole_dns_record.all[\"vault\"]","mode":"managed","type":"pihole_dns_record","name":"all","index":"vault","provider_name":"registry.opentofu.org/ryanwholey/pihole","schema_version":0,"values":{"domain":"vault","ip":"192.168.0.50"},"sensitive_values":{}},{"address":"pihole_dns_record.all[\"web\"]","mode":"managed","type":"pihole_dns_record","name":"all","index":"web","provider_name":"registry.opentofu.org/ryanwholey/pihole","schema_version":0,"values":{"domain":"web","ip":"192.168.0.124"},"sensitive_values":{}},{"address":"pihole_dns_record.all[\"wg.local.ildoc.it\"]","mode":"managed","type":"pihole_dns_record","name":"all","index":"wg.local.ildoc.it","provider_name":"registry.opentofu.org/ryanwholey/pihole","schema_version":0,"values":{"domain":"wg.local.ildoc.it","ip":"192.168.0.80"},"sensitive_values":{}},{"address":"pihole_dns_record.all[\"zipline.local.ildoc.it\"]","mode":"managed","type":"pihole_dns_record","name":"all","index":"zipline.local.ildoc.it","provider_name":"registry.opentofu.org/ryanwholey/pihole","schema_version":0,"values":{"domain":"zipline.local.ildoc.it","ip":"192.168.0.80"},"sensitive_values":{}}]}},"resource_changes":[{"address":"pihole_dns_record.all[\"argocd.local.ildoc.it\"]","mode":"managed","type":"pihole_dns_record","name":"all","index":"argocd.local.ildoc.it","provider_name":"registry.opentofu.org/ryanwholey/pihole","change":{"actions":["create"],"before":null,"after":{"domain":"argocd.local.ildoc.it","ip":"192.168.0.80"},"after_unknown":{"id":true},"before_sensitive":false,"after_sensitive":{}}},{"address":"pihole_dns_record.all[\"argocd2.local.ildoc.it\"]","mode":"managed","type":"pihole_dns_record","name":"all","index":"argocd2.local.ildoc.it","provider_name":"registry.opentofu.org/ryanwholey/pihole","change":{"actions":["create"],"before":null,"after":{"domain":"argocd2.local.ildoc.it","ip":"192.168.0.100"},"after_unknown":{"id":true},"before_sensitive":false,"after_sensitive":{}}},{"address":"pihole_dns_record.all[\"audiobookshelf.local.ildoc.it\"]","mode":"managed","type":"pihole_dns_record","name":"all","index":"audiobookshelf.local.ildoc.it","provider_name":"registry.opentofu.org/ryanwholey/pihole","change":{"actions":["create"],"before":null,"after":{"domain":"audiobookshelf.local.ildoc.it","ip":"192.168.0.80"},"after_unknown":{"id":true},"before_sensitive":false,"after_sensitive":{}}},{"address":"pihole_dns_record.all[\"bazarr.local.ildoc.it\"]","mode":"managed","type":"pihole_dns_record","name":"all","index":"bazarr.local.ildoc.it","provider_name":"registry.opentofu.org/ryanwholey/pihole","change":{"actions":["create"],"before":null,"after":{"domain":"bazarr.local.ildoc.it","ip":"192.168.0.80"},"after_unknown":{"id":true},"before_sensitive":false,"after_sensitive":{}}},{"address":"pihole_dns_record.all[\"bookbounty.local.ildoc.it\"]","mode":"managed","type":"pihole_dns_record","name":"all","index":"bookbounty.local.ildoc.it","provider_name":"registry.opentofu.org/ryanwholey/pihole","change":{"actions":["create"],"before":null,"after":{"domain":"bookbounty.local.ildoc.it","ip":"192.168.0.80"},"after_unknown":{"id":true},"before_sensitive":false,"after_sensitive":{}}},{"address":"pihole_dns_record.all[\"change.local.ildoc.it\"]","mode":"managed","type":"pihole_dns_record","name":"all","index":"change.local.ildoc.it","provider_name":"registry.opentofu.org/ryanwholey/pihole","change":{"actions":["create"],"before":null,"after":{"domain":"change.local.ildoc.it","ip":"192.168.0.80"},"after_unknown":{"id":true},"before_sensitive":false,"after_sensitive":{}}},{"address":"pihole_dns_record.all[\"db\"]","mode":"managed","type":"pihole_dns_record","name":"all","index":"db","provider_name":"registry.opentofu.org/ryanwholey/pihole","change":{"actions":["create"],"before":null,"after":{"domain":"db","ip":"192.168.0.30"},"after_unknown":{"id":true},"before_sensitive":false,"after_sensitive":{}}},{"address":"pihole_dns_record.all[\"flaresolverr.local.ildoc.it\"]","mode":"managed","type":"pihole_dns_record","name":"all","index":"flaresolverr.local.ildoc.it","provider_name":"registry.opentofu.org/ryanwholey/pihole","change":{"actions":["create"],"before":null,"after":{"domain":"flaresolverr.local.ildoc.it","ip":"192.168.0.80"},"after_unknown":{"id":true},"before_sensitive":false,"after_sensitive":{}}},{"address":"pihole_dns_record.all[\"gitlab.local.ildoc.it\"]","mode":"managed","type":"pihole_dns_record","name":"all","index":"gitlab.local.ildoc.it","provider_name":"registry.opentofu.org/ryanwholey/pihole","change":{"actions":["create"],"before":null,"after":{"domain":"gitlab.local.ildoc.it","ip":"192.168.0.25"},"after_unknown":{"id":true},"before_sensitive":false,"after_sensitive":{}}},{"address":"pihole_dns_record.all[\"homeassistant\"]","mode":"managed","type":"pihole_dns_record","name":"all","index":"homeassistant","provider_name":"registry.opentofu.org/ryanwholey/pihole","change":{"actions":["create"],"before":null,"after":{"domain":"homeassistant","ip":"192.168.0.133"},"after_unknown":{"id":true},"before_sensitive":false,"after_sensitive":{}}},{"address":"pihole_dns_record.all[\"homepage.local.ildoc.it\"]","mode":"managed","type":"pihole_dns_record","name":"all","index":"homepage.local.ildoc.it","provider_name":"registry.opentofu.org/ryanwholey/pihole","change":{"actions":["create"],"before":null,"after":{"domain":"homepage.local.ildoc.it","ip":"192.168.0.80"},"after_unknown":{"id":true},"before_sensitive":false,"after_sensitive":{}}},{"address":"pihole_dns_record.all[\"invidious\"]","mode":"managed","type":"pihole_dns_record","name":"all","index":"invidious","provider_name":"registry.opentofu.org/ryanwholey/pihole","change":{"actions":["create"],"before":null,"after":{"domain":"invidious","ip":"192.168.0.111"},"after_unknown":{"id":true},"before_sensitive":false,"after_sensitive":{}}},{"address":"pihole_dns_record.all[\"invidious.local.ildoc.it\"]","mode":"managed","type":"pihole_dns_record","name":"all","index":"invidious.local.ildoc.it","provider_name":"registry.opentofu.org/ryanwholey/pihole","change":{"actions":["create"],"before":null,"after":{"domain":"invidious.local.ildoc.it","ip":"192.168.0.80"},"after_unknown":{"id":true},"before_sensitive":false,"after_sensitive":{}}},{"address":"pihole_dns_record.all[\"jackett.local.ildoc.it\"]","mode":"managed","type":"pihole_dns_record","name":"all","index":"jackett.local.ildoc.it","provider_name":"registry.opentofu.org/ryanwholey/pihole","change":{"actions":["create"],"before":null,"after":{"domain":"jackett.local.ildoc.it","ip":"192.168.0.80"},"after_unknown":{"id":true},"before_sensitive":false,"after_sensitive":{}}},{"address":"pihole_dns_record.all[\"kestra.local.ildoc.it\"]","mode":"managed","type":"pihole_dns_record","name":"all","index":"kestra.local.ildoc.it","provider_name":"registry.opentofu.org/ryanwholey/pihole","change":{"actions":["create"],"before":null,"after":{"domain":"kestra.local.ildoc.it","ip":"192.168.0.80"},"after_unknown":{"id":true},"before_sensitive":false,"after_sensitive":{}}},{"address":"pihole_dns_record.all[\"kitchenowl.local.ildoc.it\"]","mode":"managed","type":"pihole_dns_record","name":"all","index":"kitchenowl.local.ildoc.it","provider_name":"registry.opentofu.org/ryanwholey/pihole","change":{"actions":["create"],"before":null,"after":{"domain":"kitchenowl.local.ildoc.it","ip":"192.168.0.80"},"after_unknown":{"id":true},"before_sensitive":false,"after_sensitive":{}}},{"address":"pihole_dns_record.all[\"longhorn.local.ildoc.it\"]","mode":"managed","type":"pihole_dns_record","name":"all","index":"longhorn.local.ildoc.it","provider_name":"registry.opentofu.org/ryanwholey/pihole","change":{"actions":["create"],"before":null,"after":{"domain":"longhorn.local.ildoc.it","ip":"192.168.0.80"},"after_unknown":{"id":true},"before_sensitive":false,"after_sensitive":{}}},{"address":"pihole_dns_record.all[\"mealie.local.ildoc.it\"]","mode":"managed","type":"pihole_dns_record","name":"all","index":"mealie.local.ildoc.it","provider_name":"registry.opentofu.org/ryanwholey/pihole","change":{"actions":["create"],"before":null,"after":{"domain":"mealie.local.ildoc.it","ip":"192.168.0.80"},"after_unknown":{"id":true},"before_sensitive":false,"after_sensitive":{}}},{"address":"pihole_dns_record.all[\"nut.local.ildoc.it\"]","mode":"managed","type":"pihole_dns_record","name":"all","index":"nut.local.ildoc.it","provider_name":"registry.opentofu.org/ryanwholey/pihole","change":{"actions":["create"],"before":null,"after":{"domain":"nut.local.ildoc.it","ip":"192.168.0.80"},"after_unknown":{"id":true},"before_sensitive":false,"after_sensitive":{}}},{"address":"pihole_dns_record.all[\"paperless.local.ildoc.it\"]","mode":"managed","type":"pihole_dns_record","name":"all","index":"paperless.local.ildoc.it","provider_name":"registry.opentofu.org/ryanwholey/pihole","change":{"actions":["create"],"before":null,"after":{"domain":"paperless.local.ildoc.it","ip":"192.168.0.80"},"after_unknown":{"id":true},"before_sensitive":false,"after_sensitive":{}}},{"address":"pihole_dns_record.all[\"pdf.local.ildoc.it\"]","mode":"managed","type":"pihole_dns_record","name":"all","index":"pdf.local.ildoc.it","provider_name":"registry.opentofu.org/ryanwholey/pihole","change":{"actions":["create"],"before":null,"after":{"domain":"pdf.local.ildoc.it","ip":"192.168.0.80"},"after_unknown":{"id":true},"before_sensitive":false,"after_sensitive":{}}},{"address":"pihole_dns_record.all[\"pihole\"]","mode":"managed","type":"pihole_dns_record","name":"all","index":"pihole","provider_name":"registry.opentofu.org/ryanwholey/pihole","change":{"actions":["create"],"before":null,"after":{"domain":"pihole","ip":"192.168.0.145"},"after_unknown":{"id":true},"before_sensitive":false,"after_sensitive":{}}},{"address":"pihole_dns_record.all[\"pihole2\"]","mode":"managed","type":"pihole_dns_record","name":"all","index":"pihole2","provider_name":"registry.opentofu.org/ryanwholey/pihole","change":{"actions":["create"],"before":null,"after":{"domain":"pihole2","ip":"192.168.0.167"},"after_unknown":{"id":true},"before_sensitive":false,"after_sensitive":{}}},{"address":"pihole_dns_record.all[\"prowlarr.local.ildoc.it\"]","mode":"managed","type":"pihole_dns_record","name":"all","index":"prowlarr.local.ildoc.it","provider_name":"registry.opentofu.org/ryanwholey/pihole","change":{"actions":["create"],"before":null,"after":{"domain":"prowlarr.local.ildoc.it","ip":"192.168.0.80"},"after_unknown":{"id":true},"before_sensitive":false,"after_sensitive":{}}},{"address":"pihole_dns_record.all[\"pve01\"]","mode":"managed","type":"pihole_dns_record","name":"all","index":"pve01","provider_name":"registry.opentofu.org/ryanwholey/pihole","change":{"actions":["create"],"before":null,"after":{"domain":"pve01","ip":"192.168.0.10"},"after_unknown":{"id":true},"before_sensitive":false,"after_sensitive":{}}},{"address":"pihole_dns_record.all[\"pve02\"]","mode":"managed","type":"pihole_dns_record","name":"all","index":"pve02","provider_name":"registry.opentofu.org/ryanwholey/pihole","change":{"actions":["create"],"before":null,"after":{"domain":"pve02","ip":"192.168.0.11"},"after_unknown":{"id":true},"before_sensitive":false,"after_sensitive":{}}},{"address":"pihole_dns_record.all[\"pve03\"]","mode":"managed","type":"pihole_dns_record","name":"all","index":"pve03","provider_name":"registry.opentofu.org/ryanwholey/pihole","change":{"actions":["create"],"before":null,"after":{"domain":"pve03","ip":"192.168.0.12"},"after_unknown":{"id":true},"before_sensitive":false,"after_sensitive":{}}},{"address":"pihole_dns_record.all[\"radarr.local.ildoc.it\"]","mode":"managed","type":"pihole_dns_record","name":"all","index":"radarr.local.ildoc.it","provider_name":"registry.opentofu.org/ryanwholey/pihole","change":{"actions":["create"],"before":null,"after":{"domain":"radarr.local.ildoc.it","ip":"192.168.0.80"},"after_unknown":{"id":true},"before_sensitive":false,"after_sensitive":{}}},{"address":"pihole_dns_record.all[\"rancher.local.ildoc.it\"]","mode":"managed","type":"pihole_dns_record","name":"all","index":"rancher.local.ildoc.it","provider_name":"registry.opentofu.org/ryanwholey/pihole","change":{"actions":["create"],"before":null,"after":{"domain":"rancher.local.ildoc.it","ip":"192.168.0.80"},"after_unknown":{"id":true},"before_sensitive":false,"after_sensitive":{}}},{"address":"pihole_dns_record.all[\"rancher2.local.ildoc.it\"]","mode":"managed","type":"pihole_dns_record","name":"all","index":"rancher2.local.ildoc.it","provider_name":"registry.opentofu.org/ryanwholey/pihole","change":{"actions":["create"],"before":null,"after":{"domain":"rancher2.local.ildoc.it","ip":"192.168.0.100"},"after_unknown":{"id":true},"before_sensitive":false,"after_sensitive":{}}},{"address":"pihole_dns_record.all[\"readarr.local.ildoc.it\"]","mode":"managed","type":"pihole_dns_record","name":"all","index":"readarr.local.ildoc.it","provider_name":"registry.opentofu.org/ryanwholey/pihole","change":{"actions":["create"],"before":null,"after":{"domain":"readarr.local.ildoc.it","ip":"192.168.0.80"},"after_unknown":{"id":true},"before_sensitive":false,"after_sensitive":{}}},{"address":"pihole_dns_record.all[\"redis\"]","mode":"managed","type":"pihole_dns_record","name":"all","index":"redis","provider_name":"registry.opentofu.org/ryanwholey/pihole","change":{"actions":["create"],"before":null,"after":{"domain":"redis","ip":"192.168.0.40"},"after_unknown":{"id":true},"before_sensitive":false,"after_sensitive":{}}},{"address":"pihole_dns_record.all[\"registry.gitlab.local.ildoc.it\"]","mode":"managed","type":"pihole_dns_record","name":"all","index":"registry.gitlab.local.ildoc.it","provider_name":"registry.opentofu.org/ryanwholey/pihole","change":{"actions":["create"],"before":null,"after":{"domain":"registry.gitlab.local.ildoc.it","ip":"192.168.0.25"},"after_unknown":{"id":true},"before_sensitive":false,"after_sensitive":{}}},{"address":"pihole_dns_record.all[\"romm.local.ildoc.it\"]","mode":"managed","type":"pihole_dns_record","name":"all","index":"romm.local.ildoc.it","provider_name":"registry.opentofu.org/ryanwholey/pihole","change":{"actions":["create"],"before":null,"after":{"domain":"romm.local.ildoc.it","ip":"192.168.0.80"},"after_unknown":{"id":true},"before_sensitive":false,"after_sensitive":{}}},{"address":"pihole_dns_record.all[\"sonarr.local.ildoc.it\"]","mode":"managed","type":"pihole_dns_record","name":"all","index":"sonarr.local.ildoc.it","provider_name":"registry.opentofu.org/ryanwholey/pihole","change":{"actions":["create"],"before":null,"after":{"domain":"sonarr.local.ildoc.it","ip":"192.168.0.80"},"after_unknown":{"id":true},"before_sensitive":false,"after_sensitive":{}}},{"address":"pihole_dns_record.all[\"speedtest.local.ildoc.it\"]","mode":"managed","type":"pihole_dns_record","name":"all","index":"speedtest.local.ildoc.it","provider_name":"registry.opentofu.org/ryanwholey/pihole","change":{"actions":["create"],"before":null,"after":{"domain":"speedtest.local.ildoc.it","ip":"192.168.0.80"},"after_unknown":{"id":true},"before_sensitive":false,"after_sensitive":{}}},{"address":"pihole_dns_record.all[\"tools.local.ildoc.it\"]","mode":"managed","type":"pihole_dns_record","name":"all","index":"tools.local.ildoc.it","provider_name":"registry.opentofu.org/ryanwholey/pihole","change":{"actions":["create"],"before":null,"after":{"domain":"tools.local.ildoc.it","ip":"192.168.0.80"},"after_unknown":{"id":true},"before_sensitive":false,"after_sensitive":{}}},{"address":"pihole_dns_record.all[\"traefik.local.ildoc.it\"]","mode":"managed","type":"pihole_dns_record","name":"all","index":"traefik.local.ildoc.it","provider_name":"registry.opentofu.org/ryanwholey/pihole","change":{"actions":["create"],"before":null,"after":{"domain":"traefik.local.ildoc.it","ip":"192.168.0.80"},"after_unknown":{"id":true},"before_sensitive":false,"after_sensitive":{}}},{"address":"pihole_dns_record.all[\"traefik2.local.ildoc.it\"]","mode":"managed","type":"pihole_dns_record","name":"all","index":"traefik2.local.ildoc.it","provider_name":"registry.opentofu.org/ryanwholey/pihole","change":{"actions":["create"],"before":null,"after":{"domain":"traefik2.local.ildoc.it","ip":"192.168.0.100"},"after_unknown":{"id":true},"before_sensitive":false,"after_sensitive":{}}},{"address":"pihole_dns_record.all[\"truenas\"]","mode":"managed","type":"pihole_dns_record","name":"all","index":"truenas","provider_name":"registry.opentofu.org/ryanwholey/pihole","change":{"actions":["create"],"before":null,"after":{"domain":"truenas","ip":"192.168.0.123"},"after_unknown":{"id":true},"before_sensitive":false,"after_sensitive":{}}},{"address":"pihole_dns_record.all[\"truenas.local.ildoc.it\"]","mode":"managed","type":"pihole_dns_record","name":"all","index":"truenas.local.ildoc.it","provider_name":"registry.opentofu.org/ryanwholey/pihole","change":{"actions":["create"],"before":null,"after":{"domain":"truenas.local.ildoc.it","ip":"192.168.0.80"},"after_unknown":{"id":true},"before_sensitive":false,"after_sensitive":{}}},{"address":"pihole_dns_record.all[\"ubuntu\"]","mode":"managed","type":"pihole_dns_record","name":"all","index":"ubuntu","provider_name":"registry.opentofu.org/ryanwholey/pihole","change":{"actions":["create"],"before":null,"after":{"domain":"ubuntu","ip":"192.168.0.183"},"after_unknown":{"id":true},"before_sensitive":false,"after_sensitive":{}}},{"address":"pihole_dns_record.all[\"uptime.local.ildoc.it\"]","mode":"managed","type":"pihole_dns_record","name":"all","index":"uptime.local.ildoc.it","provider_name":"registry.opentofu.org/ryanwholey/pihole","change":{"actions":["create"],"before":null,"after":{"domain":"uptime.local.ildoc.it","ip":"192.168.0.80"},"after_unknown":{"id":true},"before_sensitive":false,"after_sensitive":{}}},{"address":"pihole_dns_record.all[\"vault\"]","mode":"managed","type":"pihole_dns_record","name":"all","index":"vault","provider_name":"registry.opentofu.org/ryanwholey/pihole","change":{"actions":["create"],"before":null,"after":{"domain":"vault","ip":"192.168.0.50"},"after_unknown":{"id":true},"before_sensitive":false,"after_sensitive":{}}},{"address":"pihole_dns_record.all[\"web\"]","mode":"managed","type":"pihole_dns_record","name":"all","index":"web","provider_name":"registry.opentofu.org/ryanwholey/pihole","change":{"actions":["create"],"before":null,"after":{"domain":"web","ip":"192.168.0.124"},"after_unknown":{"id":true},"before_sensitive":false,"after_sensitive":{}}},{"address":"pihole_dns_record.all[\"wg.local.ildoc.it\"]","mode":"managed","type":"pihole_dns_record","name":"all","index":"wg.local.ildoc.it","provider_name":"registry.opentofu.org/ryanwholey/pihole","change":{"actions":["create"],"before":null,"after":{"domain":"wg.local.ildoc.it","ip":"192.168.0.80"},"after_unknown":{"id":true},"before_sensitive":false,"after_sensitive":{}}},{"address":"pihole_dns_record.all[\"zipline.local.ildoc.it\"]","mode":"managed","type":"pihole_dns_record","name":"all","index":"zipline.local.ildoc.it","provider_name":"registry.opentofu.org/ryanwholey/pihole","change":{"actions":["create"],"before":null,"after":{"domain":"zipline.local.ildoc.it","ip":"192.168.0.80"},"after_unknown":{"id":true},"before_sensitive":false,"after_sensitive":{}}}],"prior_state":{"format_version":"1.0","terraform_version":"1.6.0","values":{"root_module":{"resources":[{"address":"data.vault_kv_secret_v2.pihole","mode":"data","type":"vault_kv_secret_v2","name":"pihole","provider_name":"registry.opentofu.org/hashicorp/vault","schema_version":0,"values":{"created_time":"2025-09-30T12:15:58.489722171Z","custom_metadata":null,"data":{"api_token":"+DXWlQJ359glDIhcipB57hYFul3SAsDbm9zBV9Ftpro="},"data_json":"{\"api_token\":\"+DXWlQJ359glDIhcipB57hYFul3SAsDbm9zBV9Ftpro=\"}","deletion_time":"","destroyed":false,"id":"opentofu/data/pihole","mount":"opentofu","name":"pihole","namespace":null,"path":"opentofu/data/pihole","version":1},"sensitive_values":{"data":true,"data_json":true}}]}}},"configuration":{"provider_config":{"pihole":{"name":"pihole","full_name":"registry.opentofu.org/ryanwholey/pihole","version_constraint":"~\u003e 0.2.0","expressions":{"api_token":{"references":["data.vault_kv_secret_v2.pihole.data[\"api_token\"]","data.vault_kv_secret_v2.pihole.data","data.vault_kv_secret_v2.pihole"]},"url":{"references":["var.pihole_url"]}}},"vault":{"name":"vault","full_name":"registry.opentofu.org/hashicorp/vault","version_constraint":"4.8.0","expressions":{"address":{"references":["var.vault_addr"]},"auth_login":[{"parameters":{"references":["var.vault_approle_role_id","var.vault_approle_secret_id"]},"path":{"constant_value":"auth/approle/login"}}],"max_retries":{"references":["var.vault_retry"]},"skip_tls_verify":{"constant_value":true}}}},"root_module":{"resources":[{"address":"pihole_dns_record.all","mode":"managed","type":"pihole_dns_record","name":"all","provider_config_key":"pihole","expressions":{"domain":{"references":["each.key"]},"ip":{"references":["each.value.ip","each.value"]}},"schema_version":0,"for_each_expression":{"references":["var.dns_records"]}},{"address":"data.vault_kv_secret_v2.pihole","mode":"data","type":"vault_kv_secret_v2","name":"pihole","provider_config_key":"vault","expressions":{"mount":{"constant_value":"opentofu"},"name":{"constant_value":"pihole"}},"schema_version":0}],"variables":{"adlists":{"default":{"adguard_dns":{"comment":"AdGuard DNS filter","enabled":true,"url":"https://v.firebog.net/hosts/AdguardDNS.txt"},"ads_tracking_extended":{"comment":"DeveloperDan ads and tracking extended","enabled":true,"url":"https://www.github.developerdan.com/hosts/lists/ads-and-tracking-extended.txt"},"big_oisd":{"comment":"OISD big list - comprehensive blocking","enabled":true,"url":"https://big.oisd.nl"},"easy_privacy":{"comment":"EasyPrivacy - tracking protection","enabled":true,"url":"https://v.firebog.net/hosts/Easyprivacy.txt"},"kad_hosts":{"comment":"KAD hosts - ads and tracking","enabled":true,"url":"https://raw.githubusercontent.com/PolishFiltersTeam/KADhosts/master/KADhosts.txt"},"prigent_ads":{"comment":"Prigent advertising domains","enabled":true,"url":"https://v.firebog.net/hosts/Prigent-Ads.txt"},"spam_hosts":{"comment":"FadeMind spam hosts","enabled":true,"url":"https://raw.githubusercontent.com/FadeMind/hosts.extras/master/add.Spam/hosts"},"steven_black":{"comment":"Steven Black unified hosts (ads + malware)","enabled":true,"url":"https://raw.githubusercontent.com/StevenBlack/hosts/master/hosts"},"w3kbl":{"comment":"W3KBL - malware domains","enabled":true,"url":"https://v.firebog.net/hosts/static/w3kbl.txt"}},"description":"Liste di blocco pubblicitarie"},"blacklisted_domains":{"default":{},"description":"Domini in blacklist"},"dns_records":{"default":{"argocd.local.ildoc.it":{"comment":"ArgoCD GitOps","ip":"192.168.0.80"},"argocd2.local.ildoc.it":{"comment":"ArgoCD cluster 2","ip":"192.168.0.100"},"audiobookshelf.local.ildoc.it":{"comment":"Audiobook server","ip":"192.168.0.80"},"bazarr.local.ildoc.it":{"comment":"Bazarr subtitles","ip":"192.168.0.80"},"bookbounty.local.ildoc.it":{"comment":"Book bounty","ip":"192.168.0.80"},"change.local.ildoc.it":{"comment":"Change detection","ip":"192.168.0.80"},"db":{"comment":"Database server","ip":"192.168.0.30"},"flaresolverr.local.ildoc.it":{"comment":"FlareSolverr CloudFlare","ip":"192.168.0.80"},"gitlab.local.ildoc.it":{"comment":"GitLab CE","ip":"192.168.0.25"},"homeassistant":{"comment":"Home automation","ip":"192.168.0.133"},"homepage.local.ildoc.it":{"comment":"Homepage dashboard","ip":"192.168.0.80"},"invidious":{"comment":"YouTube frontend","ip":"192.168.0.111"},"invidious.local.ildoc.it":{"comment":"Invidious YouTube","ip":"192.168.0.80"},"jackett.local.ildoc.it":{"comment":"Jackett proxy","ip":"192.168.0.80"},"kestra.local.ildoc.it":{"comment":"Kestra workflow","ip":"192.168.0.80"},"kitchenowl.local.ildoc.it":{"comment":"Kitchen management","ip":"192.168.0.80"},"longhorn.local.ildoc.it":{"comment":"Longhorn storage","ip":"192.168.0.80"},"mealie.local.ildoc.it":{"comment":"Mealie recipes","ip":"192.168.0.80"},"nut.local.ildoc.it":{"comment":"NUT UPS monitor","ip":"192.168.0.80"},"paperless.local.ildoc.it":{"comment":"Paperless documents","ip":"192.168.0.80"},"pdf.local.ildoc.it":{"comment":"PDF tools","ip":"192.168.0.80"},"pihole":{"comment":"Pi-hole primario","ip":"192.168.0.145"},"pihole2":{"comment":"Pi-hole secondario","ip":"192.168.0.167"},"prowlarr.local.ildoc.it":{"comment":"Prowlarr indexer","ip":"192.168.0.80"},"pve01":{"comment":"Proxmox node 1","ip":"192.168.0.10"},"pve02":{"comment":"Proxmox node 2","ip":"192.168.0.11"},"pve03":{"comment":"Proxmox node 3","ip":"192.168.0.12"},"radarr.local.ildoc.it":{"comment":"Radarr movies","ip":"192.168.0.80"},"rancher.local.ildoc.it":{"comment":"Rancher management","ip":"192.168.0.80"},"rancher2.local.ildoc.it":{"comment":"Rancher cluster 2","ip":"192.168.0.100"},"readarr.local.ildoc.it":{"comment":"Readarr ebooks","ip":"192.168.0.80"},"redis":{"comment":"Redis cache","ip":"192.168.0.40"},"registry.gitlab.local.ildoc.it":{"comment":"GitLab Container Registry","ip":"192.168.0.25"},"romm.local.ildoc.it":{"comment":"ROM manager","ip":"192.168.0.80"},"sonarr.local.ildoc.it":{"comment":"Sonarr TV shows","ip":"192.168.0.80"},"speedtest.local.ildoc.it":{"comment":"Speed test","ip":"192.168.0.80"},"tools.local.ildoc.it":{"comment":"Various tools","ip":"192.168.0.80"},"traefik.local.ildoc.it":{"comment":"Traefik ingress","ip":"192.168.0.80"},"traefik2.local.ildoc.it":{"comment":"Traefik cluster 2","ip":"192.168.0.100"},"truenas":{"comment":"NAS storage","ip":"192.168.0.123"},"truenas.local.ildoc.it":{"comment":"TrueNAS dashboard","ip":"192.168.0.80"},"ubuntu":{"comment":"Server Ubuntu","ip":"192.168.0.183"},"uptime.local.ildoc.it":{"comment":"Uptime monitoring","ip":"192.168.0.80"},"vault":{"comment":"HashiCorp Vault","ip":"192.168.0.50"},"web":{"comment":"Web server","ip":"192.168.0.124"},"wg.local.ildoc.it":{"comment":"WireGuard UI","ip":"192.168.0.80"},"zipline.local.ildoc.it":{"comment":"File sharing","ip":"192.168.0.80"}},"description":"Tutti i record DNS da configurare in Pi-hole"},"pihole_url":{"default":"http://192.168.0.145","description":"URL del server Pi-hole"},"vault_addr":{"description":"Indirizzo del server Vault"},"vault_approle_role_id":{"description":"Role ID per autenticazione AppRole","sensitive":true},"vault_approle_secret_id":{"description":"Secret ID per autenticazione AppRole","sensitive":true},"vault_retry":{"default":2,"description":"Numero di tentativi per Vault"},"whitelisted_domains":{"default":{"discord":{"comment":"Discord - necessario per email e notifiche","domain":"click.discord.com"},"eventbrite":{"comment":"Eventbrite - necessario per email notifications","domain":"clicks.eventbrite.com"},"external_secrets":{"comment":"External Secrets Operator - Kubernetes","domain":"oci.external-secrets.io"}},"description":"Domini in whitelist"}}}},"timestamp":"2025-09-30T13:21:30Z","errored":false}
